
Microsoft Visual Studio Solution File, Format Version 12.00
# Visual Studio Version 17
VisualStudioVersion = 17.4.33213.308
MinimumVisualStudioVersion = 10.0.40219.1
Project("{FAE04EC0-301F-11D3-BF4B-00C04F79EFBC}") = "DifferentEditModes.Server", "Server\DifferentEditModes.Server.csproj", "{BFE18F7B-7F3F-491F-BFD2-0301D13949DD}"
EndProject
Project("{FAE04EC0-301F-11D3-BF4B-00C04F79EFBC}") = "DifferentEditModes.Client", "Client\DifferentEditModes.Client.csproj", "{7D0A26B6-C276-4974-960B-6674EA9362B4}"
EndProject
Project("{FAE04EC0-301F-11D3-BF4B-00C04F79EFBC}") = "DifferentEditModes.Shared", "Shared\DifferentEditModes.Shared.csproj", "{FEA67EB8-D257-4BF2-97B7-102A9A2BC0C2}"
EndProject
Global
	GlobalSection(SolutionConfigurationPlatforms) = preSolution
		Debug|Any CPU = Debug|Any CPU
		Release|Any CPU = Release|Any CPU
	EndGlobalSection
	GlobalSection(ProjectConfigurationPlatforms) = postSolution
		{BFE18F7B-7F3F-491F-BFD2-0301D13949DD}.Debug|Any CPU.ActiveCfg = Debug|Any CPU
		{BFE18F7B-7F3F-491F-BFD2-0301D13949DD}.Debug|Any CPU.Build.0 = Debug|Any CPU
		{BFE18F7B-7F3F-491F-BFD2-0301D13949DD}.Release|Any CPU.ActiveCfg = Release|Any CPU
		{BFE18F7B-7F3F-491F-BFD2-0301D13949DD}.Release|Any CPU.Build.0 = Release|Any CPU
		{7D0A26B6-C276-4974-960B-6674EA9362B4}.Debug|Any CPU.ActiveCfg = Debug|Any CPU
		{7D0A26B6-C276-4974-960B-6674EA9362B4}.Debug|Any CPU.Build.0 = Debug|Any CPU
		{7D0A26B6-C276-4974-960B-6674EA9362B4}.Release|Any CPU.ActiveCfg = Release|Any CPU
		{7D0A26B6-C276-4974-960B-6674EA9362B4}.Release|Any CPU.Build.0 = Release|Any CPU
		{FEA67EB8-D257-4BF2-97B7-102A9A2BC0C2}.Debug|Any CPU.ActiveCfg = Debug|Any CPU
		{FEA67EB8-D257-4BF2-97B7-102A9A2BC0C2}.Debug|Any CPU.Build.0 = Debug|Any CPU
		{FEA67EB8-D257-4BF2-97B7-102A9A2BC0C2}.Release|Any CPU.ActiveCfg = Release|Any CPU
		{FEA67EB8-D257-4BF2-97B7-102A9A2BC0C2}.Release|Any CPU.Build.0 = Release|Any CPU
	EndGlobalSection
	GlobalSection(SolutionProperties) = preSolution
		HideSolutionNode = FALSE
	EndGlobalSection
	GlobalSection(ExtensibilityGlobals) = postSolution
		SolutionGuid = {A46CC6EC-FBF7-4987-9E99-86BF003310FF}
	EndGlobalSection
EndGlobal
